{
  "object": {
    "pins": [
      {
        "package": "OneSignal",
        "repositoryURL": "https://github.com/OneSignal/OneSignal-iOS-SDK/",
        "state": {
          "branch": null,
          "revision": "965fa402aa06cd223132a460366fe64aab1c6453",
          "version": "2.15.2"
        }
      },
      {
        "package": "PartialSheet",
        "repositoryURL": "https://github.com/AndreaMiotto/PartialSheet.git",
        "state": {
          "branch": null,
          "revision": "936465232b6399e402e79d5b031622af9a5e9960",
          "version": "2.1.11"
        }
      },
      {
        "package": "StatefulTabView",
        "repositoryURL": "https://github.com/NicholasBellucci/StatefulTabView",
        "state": {
          "branch": null,
          "revision": "c7ce860fd864779593febece9674bf3896dc4c89",
          "version": "0.1.5"
        }
      },
      {
        "package": "Introspect",
        "repositoryURL": "https://github.com/siteline/SwiftUI-Introspect.git",
        "state": {
          "branch": null,
          "revision": "36ecf80429d00a4cd1e81fbfe4655b1d99ebd651",
          "version": "0.1.2"
        }
      },
      {
        "package": "SwiftUIRefresh",
        "repositoryURL": "https://github.com/siteline/SwiftUIRefresh.git",
        "state": {
          "branch": null,
          "revision": "fa8fac7b5eb5c729983a8bef65f094b5e0d12014",
          "version": "0.0.3"
        }
      },
      {
        "package": "SwiftyJSON",
        "repositoryURL": "https://github.com/SwiftyJSON/SwiftyJSON.git",
        "state": {
          "branch": null,
          "revision": "2b6054efa051565954e1d2b9da831680026cd768",
          "version": "5.0.0"
        }
      }
    ]
  },
  "version": 1
}
